
Microsoft Visual Studio Solution File, Format Version 12.00
# Visual Studio 14
VisualStudioVersion = 14.0.25420.1
MinimumVisualStudioVersion = 10.0.40219.1
Project("{FAE04EC0-301F-11D3-BF4B-00C04F79EFBC}") = "icu.net", "icu.net\icu.net.csproj", "{28A0072F-AE0B-449A-8494-B53F09756273}"
EndProject
Project("{FAE04EC0-301F-11D3-BF4B-00C04F79EFBC}") = "icu.net.tests", "icu.net.tests\icu.net.tests.csproj", "{9D7CFEF4-55F1-4C31-9B7B-EB6520AE4EDB}"
EndProject
Project("{2150E333-8FDC-42A3-9474-1A3956D46DE8}") = "Solution items", "Solution items", "{ADD2D664-A179-47DE-BE36-94AF75330E29}"
	ProjectSection(SolutionItems) = preProject
		..\CHANGELOG.md = ..\CHANGELOG.md
		..\.editorconfig = ..\.editorconfig
		..\GitVersion.yml = ..\GitVersion.yml
		..\README.md = ..\README.md
		Directory.Build.props = Directory.Build.props
		Directory.Build.targets = Directory.Build.targets
	EndProjectSection
EndProject
Project("{FAE04EC0-301F-11D3-BF4B-00C04F79EFBC}") = "TestHelper", "TestHelper\TestHelper.csproj", "{F195ADCE-9129-446E-85E0-8EEAD01ED08D}"
EndProject
Global
	GlobalSection(SolutionConfigurationPlatforms) = preSolution
		Debug|Any CPU = Debug|Any CPU
		Release|Any CPU = Release|Any CPU
	EndGlobalSection
	GlobalSection(ProjectConfigurationPlatforms) = postSolution
		{28A0072F-AE0B-449A-8494-B53F09756273}.Debug|Any CPU.ActiveCfg = Debug|Any CPU
		{28A0072F-AE0B-449A-8494-B53F09756273}.Debug|Any CPU.Build.0 = Debug|Any CPU
		{28A0072F-AE0B-449A-8494-B53F09756273}.Release|Any CPU.ActiveCfg = Release|Any CPU
		{28A0072F-AE0B-449A-8494-B53F09756273}.Release|Any CPU.Build.0 = Release|Any CPU
		{9D7CFEF4-55F1-4C31-9B7B-EB6520AE4EDB}.Debug|Any CPU.ActiveCfg = Debug|Any CPU
		{9D7CFEF4-55F1-4C31-9B7B-EB6520AE4EDB}.Debug|Any CPU.Build.0 = Debug|Any CPU
		{9D7CFEF4-55F1-4C31-9B7B-EB6520AE4EDB}.Release|Any CPU.ActiveCfg = Release|Any CPU
		{9D7CFEF4-55F1-4C31-9B7B-EB6520AE4EDB}.Release|Any CPU.Build.0 = Release|Any CPU
		{F195ADCE-9129-446E-85E0-8EEAD01ED08D}.Debug|Any CPU.ActiveCfg = Debug|Any CPU
		{F195ADCE-9129-446E-85E0-8EEAD01ED08D}.Debug|Any CPU.Build.0 = Debug|Any CPU
		{F195ADCE-9129-446E-85E0-8EEAD01ED08D}.Release|Any CPU.ActiveCfg = Release|Any CPU
		{F195ADCE-9129-446E-85E0-8EEAD01ED08D}.Release|Any CPU.Build.0 = Release|Any CPU
	EndGlobalSection
	GlobalSection(SolutionProperties) = preSolution
		HideSolutionNode = FALSE
	EndGlobalSection
	GlobalSection(MonoDevelopProperties) = preSolution
		Policies = $0
		$0.StandardHeader = $1
		$1.Text = @Copyright (c) ${Year} SIL Global\nThis software is licensed under the MIT license (http://opensource.org/licenses/MIT)
		$1.IncludeInNewFiles = True
		StartupItem = icu.net\icu.net.csproj
	EndGlobalSection
EndGlobal
