
Microsoft Visual Studio Solution File, Format Version 12.00
# Visual Studio 14
VisualStudioVersion = 14.0.25420.1
MinimumVisualStudioVersion = 10.0.40219.1
Project("{FAE04EC0-301F-11D3-BF4B-00C04F79EFBC}") = "icu.net", "icu.net\icu.net.csproj", "{28A0072F-AE0B-449A-8494-B53F09756273}"
EndProject
Project("{FAE04EC0-301F-11D3-BF4B-00C04F79EFBC}") = "icu.net.tests", "icu.net.tests\icu.net.tests.csproj", "{9D7CFEF4-55F1-4C31-9B7B-EB6520AE4EDB}"
EndProject
Project("{2150E333-8FDC-42A3-9474-1A3956D46DE8}") = "Solution items", "Solution items", "{ADD2D664-A179-47DE-BE36-94AF75330E29}"
	ProjectSection(SolutionItems) = preProject
		..\CHANGELOG.md = ..\CHANGELOG.md
		.nuget\packages.config = .nuget\packages.config
	EndProjectSection
EndProject
Project("{FAE04EC0-301F-11D3-BF4B-00C04F79EFBC}") = "TestHelper", "TestHelper\TestHelper.csproj", "{F195ADCE-9129-446E-85E0-8EEAD01ED08D}"
EndProject
Global
	GlobalSection(SolutionConfigurationPlatforms) = preSolution
		Debug|Any CPU = Debug|Any CPU
		Debug|Mixed Platforms = Debug|Mixed Platforms
		Debug|x86 = Debug|x86
		DebugMono|Any CPU = DebugMono|Any CPU
		DebugMono|Mixed Platforms = DebugMono|Mixed Platforms
		DebugMono|x86 = DebugMono|x86
		Release|Any CPU = Release|Any CPU
		Release|Mixed Platforms = Release|Mixed Platforms
		Release|x86 = Release|x86
		ReleaseMono|Any CPU = ReleaseMono|Any CPU
		ReleaseMono|Mixed Platforms = ReleaseMono|Mixed Platforms
		ReleaseMono|x86 = ReleaseMono|x86
	EndGlobalSection
	GlobalSection(ProjectConfigurationPlatforms) = postSolution
		{28A0072F-AE0B-449A-8494-B53F09756273}.Debug|Any CPU.ActiveCfg = Debug|Any CPU
		{28A0072F-AE0B-449A-8494-B53F09756273}.Debug|Any CPU.Build.0 = Debug|Any CPU
		{28A0072F-AE0B-449A-8494-B53F09756273}.Debug|Mixed Platforms.ActiveCfg = Debug|Any CPU
		{28A0072F-AE0B-449A-8494-B53F09756273}.Debug|Mixed Platforms.Build.0 = Debug|Any CPU
		{28A0072F-AE0B-449A-8494-B53F09756273}.Debug|x86.ActiveCfg = Debug|x86
		{28A0072F-AE0B-449A-8494-B53F09756273}.Debug|x86.Build.0 = Debug|x86
		{28A0072F-AE0B-449A-8494-B53F09756273}.DebugMono|Any CPU.ActiveCfg = DebugMono|Any CPU
		{28A0072F-AE0B-449A-8494-B53F09756273}.DebugMono|Any CPU.Build.0 = DebugMono|Any CPU
		{28A0072F-AE0B-449A-8494-B53F09756273}.DebugMono|Mixed Platforms.ActiveCfg = DebugMono|Any CPU
		{28A0072F-AE0B-449A-8494-B53F09756273}.DebugMono|Mixed Platforms.Build.0 = DebugMono|Any CPU
		{28A0072F-AE0B-449A-8494-B53F09756273}.DebugMono|x86.ActiveCfg = DebugMono|x86
		{28A0072F-AE0B-449A-8494-B53F09756273}.DebugMono|x86.Build.0 = DebugMono|x86
		{28A0072F-AE0B-449A-8494-B53F09756273}.Release|Any CPU.ActiveCfg = Release|Any CPU
		{28A0072F-AE0B-449A-8494-B53F09756273}.Release|Any CPU.Build.0 = Release|Any CPU
		{28A0072F-AE0B-449A-8494-B53F09756273}.Release|Mixed Platforms.ActiveCfg = Release|Any CPU
		{28A0072F-AE0B-449A-8494-B53F09756273}.Release|Mixed Platforms.Build.0 = Release|Any CPU
		{28A0072F-AE0B-449A-8494-B53F09756273}.Release|x86.ActiveCfg = Release|x86
		{28A0072F-AE0B-449A-8494-B53F09756273}.Release|x86.Build.0 = Release|x86
		{28A0072F-AE0B-449A-8494-B53F09756273}.ReleaseMono|Any CPU.ActiveCfg = ReleaseMono|Any CPU
		{28A0072F-AE0B-449A-8494-B53F09756273}.ReleaseMono|Any CPU.Build.0 = ReleaseMono|Any CPU
		{28A0072F-AE0B-449A-8494-B53F09756273}.ReleaseMono|Mixed Platforms.ActiveCfg = ReleaseMono|Any CPU
		{28A0072F-AE0B-449A-8494-B53F09756273}.ReleaseMono|Mixed Platforms.Build.0 = ReleaseMono|Any CPU
		{28A0072F-AE0B-449A-8494-B53F09756273}.ReleaseMono|x86.ActiveCfg = ReleaseMono|x86
		{28A0072F-AE0B-449A-8494-B53F09756273}.ReleaseMono|x86.Build.0 = ReleaseMono|x86
		{9D7CFEF4-55F1-4C31-9B7B-EB6520AE4EDB}.Debug|Any CPU.ActiveCfg = Debug|Any CPU
		{9D7CFEF4-55F1-4C31-9B7B-EB6520AE4EDB}.Debug|Any CPU.Build.0 = Debug|Any CPU
		{9D7CFEF4-55F1-4C31-9B7B-EB6520AE4EDB}.Debug|Mixed Platforms.ActiveCfg = Debug|Any CPU
		{9D7CFEF4-55F1-4C31-9B7B-EB6520AE4EDB}.Debug|Mixed Platforms.Build.0 = Debug|Any CPU
		{9D7CFEF4-55F1-4C31-9B7B-EB6520AE4EDB}.Debug|x86.ActiveCfg = Debug|x86
		{9D7CFEF4-55F1-4C31-9B7B-EB6520AE4EDB}.Debug|x86.Build.0 = Debug|x86
		{9D7CFEF4-55F1-4C31-9B7B-EB6520AE4EDB}.DebugMono|Any CPU.ActiveCfg = DebugMono|Any CPU
		{9D7CFEF4-55F1-4C31-9B7B-EB6520AE4EDB}.DebugMono|Any CPU.Build.0 = DebugMono|Any CPU
		{9D7CFEF4-55F1-4C31-9B7B-EB6520AE4EDB}.DebugMono|Mixed Platforms.ActiveCfg = DebugMono|Any CPU
		{9D7CFEF4-55F1-4C31-9B7B-EB6520AE4EDB}.DebugMono|Mixed Platforms.Build.0 = DebugMono|Any CPU
		{9D7CFEF4-55F1-4C31-9B7B-EB6520AE4EDB}.DebugMono|x86.ActiveCfg = DebugMono|x86
		{9D7CFEF4-55F1-4C31-9B7B-EB6520AE4EDB}.DebugMono|x86.Build.0 = DebugMono|x86
		{9D7CFEF4-55F1-4C31-9B7B-EB6520AE4EDB}.Release|Any CPU.ActiveCfg = Release|Any CPU
		{9D7CFEF4-55F1-4C31-9B7B-EB6520AE4EDB}.Release|Any CPU.Build.0 = Release|Any CPU
		{9D7CFEF4-55F1-4C31-9B7B-EB6520AE4EDB}.Release|Mixed Platforms.ActiveCfg = Release|Any CPU
		{9D7CFEF4-55F1-4C31-9B7B-EB6520AE4EDB}.Release|Mixed Platforms.Build.0 = Release|Any CPU
		{9D7CFEF4-55F1-4C31-9B7B-EB6520AE4EDB}.Release|x86.ActiveCfg = Release|x86
		{9D7CFEF4-55F1-4C31-9B7B-EB6520AE4EDB}.Release|x86.Build.0 = Release|x86
		{9D7CFEF4-55F1-4C31-9B7B-EB6520AE4EDB}.ReleaseMono|Any CPU.ActiveCfg = ReleaseMono|Any CPU
		{9D7CFEF4-55F1-4C31-9B7B-EB6520AE4EDB}.ReleaseMono|Any CPU.Build.0 = ReleaseMono|Any CPU
		{9D7CFEF4-55F1-4C31-9B7B-EB6520AE4EDB}.ReleaseMono|Mixed Platforms.ActiveCfg = ReleaseMono|Any CPU
		{9D7CFEF4-55F1-4C31-9B7B-EB6520AE4EDB}.ReleaseMono|Mixed Platforms.Build.0 = ReleaseMono|Any CPU
		{9D7CFEF4-55F1-4C31-9B7B-EB6520AE4EDB}.ReleaseMono|x86.ActiveCfg = ReleaseMono|x86
		{9D7CFEF4-55F1-4C31-9B7B-EB6520AE4EDB}.ReleaseMono|x86.Build.0 = ReleaseMono|x86
		{F195ADCE-9129-446E-85E0-8EEAD01ED08D}.Debug|Any CPU.ActiveCfg = Debug|Any CPU
		{F195ADCE-9129-446E-85E0-8EEAD01ED08D}.Debug|Any CPU.Build.0 = Debug|Any CPU
		{F195ADCE-9129-446E-85E0-8EEAD01ED08D}.Debug|Mixed Platforms.ActiveCfg = Debug|Any CPU
		{F195ADCE-9129-446E-85E0-8EEAD01ED08D}.Debug|Mixed Platforms.Build.0 = Debug|Any CPU
		{F195ADCE-9129-446E-85E0-8EEAD01ED08D}.Debug|x86.ActiveCfg = Debug|Any CPU
		{F195ADCE-9129-446E-85E0-8EEAD01ED08D}.Debug|x86.Build.0 = Debug|Any CPU
		{F195ADCE-9129-446E-85E0-8EEAD01ED08D}.DebugMono|Any CPU.ActiveCfg = Debug|Any CPU
		{F195ADCE-9129-446E-85E0-8EEAD01ED08D}.DebugMono|Any CPU.Build.0 = Debug|Any CPU
		{F195ADCE-9129-446E-85E0-8EEAD01ED08D}.DebugMono|Mixed Platforms.ActiveCfg = Debug|Any CPU
		{F195ADCE-9129-446E-85E0-8EEAD01ED08D}.DebugMono|Mixed Platforms.Build.0 = Debug|Any CPU
		{F195ADCE-9129-446E-85E0-8EEAD01ED08D}.DebugMono|x86.ActiveCfg = Debug|Any CPU
		{F195ADCE-9129-446E-85E0-8EEAD01ED08D}.DebugMono|x86.Build.0 = Debug|Any CPU
		{F195ADCE-9129-446E-85E0-8EEAD01ED08D}.Release|Any CPU.ActiveCfg = Release|Any CPU
		{F195ADCE-9129-446E-85E0-8EEAD01ED08D}.Release|Any CPU.Build.0 = Release|Any CPU
		{F195ADCE-9129-446E-85E0-8EEAD01ED08D}.Release|Mixed Platforms.ActiveCfg = Release|Any CPU
		{F195ADCE-9129-446E-85E0-8EEAD01ED08D}.Release|Mixed Platforms.Build.0 = Release|Any CPU
		{F195ADCE-9129-446E-85E0-8EEAD01ED08D}.Release|x86.ActiveCfg = Release|Any CPU
		{F195ADCE-9129-446E-85E0-8EEAD01ED08D}.Release|x86.Build.0 = Release|Any CPU
		{F195ADCE-9129-446E-85E0-8EEAD01ED08D}.ReleaseMono|Any CPU.ActiveCfg = Release|Any CPU
		{F195ADCE-9129-446E-85E0-8EEAD01ED08D}.ReleaseMono|Any CPU.Build.0 = Release|Any CPU
		{F195ADCE-9129-446E-85E0-8EEAD01ED08D}.ReleaseMono|Mixed Platforms.ActiveCfg = Release|Any CPU
		{F195ADCE-9129-446E-85E0-8EEAD01ED08D}.ReleaseMono|Mixed Platforms.Build.0 = Release|Any CPU
		{F195ADCE-9129-446E-85E0-8EEAD01ED08D}.ReleaseMono|x86.ActiveCfg = Release|Any CPU
		{F195ADCE-9129-446E-85E0-8EEAD01ED08D}.ReleaseMono|x86.Build.0 = Release|Any CPU
	EndGlobalSection
	GlobalSection(SolutionProperties) = preSolution
		HideSolutionNode = FALSE
	EndGlobalSection
	GlobalSection(MonoDevelopProperties) = preSolution
		Policies = $0
		$0.StandardHeader = $1
		$1.Text = @Copyright (c) ${Year} SIL International\nThis software is licensed under the MIT license (http://opensource.org/licenses/MIT)
		$1.IncludeInNewFiles = True
		StartupItem = icu.net\icu.net.csproj
	EndGlobalSection
EndGlobal
